// !$*UTF8*$!
{
	archiveVersion = 1;
	classes = {
	};
	objectVersion = 46;
	objects = {

/* Begin PBXBuildFile section */
		53AF45AE1ACB041700BFECB2 /* AppDelegate.swift in Sources */ = {isa = PBXBuildFile; fileRef = 53AF45AD1ACB041700BFECB2 /* AppDelegate.swift */; };
		53AF45B01ACB041700BFECB2 /* ViewController.swift in Sources */ = {isa = PBXBuildFile; fileRef = 53AF45AF1ACB041700BFECB2 /* ViewController.swift */; };
		53AF45B31ACB041700BFECB2 /* Main.storyboard in Resources */ = {isa = PBXBuildFile; fileRef = 53AF45B11ACB041700BFECB2 /* Main.storyboard */; };
		53AF45B51ACB041700BFECB2 /* Images.xcassets in Resources */ = {isa = PBXBuildFile; fileRef = 53AF45B41ACB041700BFECB2 /* Images.xcassets */; };
		53AF45B81ACB041700BFECB2 /* LaunchScreen.xib in Resources */ = {isa = PBXBuildFile; fileRef = 53AF45B61ACB041700BFECB2 /* LaunchScreen.xib */; };
		53AF45C41ACB041700BFECB2 /* BLE_IntroTests.swift in Sources */ = {isa = PBXBuildFile; fileRef = 53AF45C31ACB041700BFECB2 /* BLE_IntroTests.swift */; };
		53D359971ACE944C0040CE3C /* BLEHandler.swift in Sources */ = {isa = PBXBuildFile; fileRef = 53D359961ACE944C0040CE3C /* BLEHandler.swift */; };
		53D359991ACE9C010040CE3C /* BLEHandlerDelegate.swift in Sources */ = {isa = PBXBuildFile; fileRef = 53D359981ACE9C010040CE3C /* BLEHandlerDelegate.swift */; };
/* End PBXBuildFile section */

/* Begin PBXContainerItemProxy section */
		53AF45BE1ACB041700BFECB2 /* PBXContainerItemProxy */ = {
			isa = PBXContainerItemProxy;
			containerPortal = 53AF45A01ACB041700BFECB2 /* Project object */;
			proxyType = 1;
			remoteGlobalIDString = 53AF45A71ACB041700BFECB2;
			remoteInfo = "BLE Intro";
		};
/* End PBXContainerItemProxy section */

/* Begin PBXFileReference section */
		53AF45A81ACB041700BFECB2 /* BLE Intro.app */ = {isa = PBXFileReference; explicitFileType = wrapper.application; includeInIndex = 0; path = "BLE Intro.app"; sourceTree = BUILT_PRODUCTS_DIR; };
		53AF45AC1ACB041700BFECB2 /* Info.plist */ = {isa = PBXFileReference; lastKnownFileType = text.plist.xml; path = Info.plist; sourceTree = "<group>"; };
		53AF45AD1ACB041700BFECB2 /* AppDelegate.swift */ = {isa = PBXFileReference; lastKnownFileType = sourcecode.swift; path = AppDelegate.swift; sourceTree = "<group>"; };
		53AF45AF1ACB041700BFECB2 /* ViewController.swift */ = {isa = PBXFileReference; lastKnownFileType = sourcecode.swift; path = ViewController.swift; sourceTree = "<group>"; };
		53AF45B21ACB041700BFECB2 /* Base */ = {isa = PBXFileReference; lastKnownFileType = file.storyboard; name = Base; path = Base.lproj/Main.storyboard; sourceTree = "<group>"; };
		53AF45B41ACB041700BFECB2 /* Images.xcassets */ = {isa = PBXFileReference; lastKnownFileType = folder.assetcatalog; path = Images.xcassets; sourceTree = "<group>"; };
		53AF45B71ACB041700BFECB2 /* Base */ = {isa = PBXFileReference; lastKnownFileType = file.xib; name = Base; path = Base.lproj/LaunchScreen.xib; sourceTree = "<group>"; };
		53AF45BD1ACB041700BFECB2 /* BLE IntroTests.xctest */ = {isa = PBXFileReference; explicitFileType = wrapper.cfbundle; includeInIndex = 0; path = "BLE IntroTests.xctest"; sourceTree = BUILT_PRODUCTS_DIR; };
		53AF45C21ACB041700BFECB2 /* Info.plist */ = {isa = PBXFileReference; lastKnownFileType = text.plist.xml; path = Info.plist; sourceTree = "<group>"; };
		53AF45C31ACB041700BFECB2 /* BLE_IntroTests.swift */ = {isa = PBXFileReference; lastKnownFileType = sourcecode.swift; path = BLE_IntroTests.swift; sourceTree = "<group>"; };
		53D359961ACE944C0040CE3C /* BLEHandler.swift */ = {isa = PBXFileReference; fileEncoding = 4; lastKnownFileType = sourcecode.swift; path = BLEHandler.swift; sourceTree = "<group>"; };
		53D359981ACE9C010040CE3C /* BLEHandlerDelegate.swift */ = {isa = PBXFileReference; fileEncoding = 4; lastKnownFileType = sourcecode.swift; path = BLEHandlerDelegate.swift; sourceTree = "<group>"; };
/* End PBXFileReference section */

/* Begin PBXFrameworksBuildPhase section */
		53AF45A51ACB041700BFECB2 /* Frameworks */ = {
			isa = PBXFrameworksBuildPhase;
			buildActionMask = 2147483647;
			files = (
			);
			runOnlyForDeploymentPostprocessing = 0;
		};
		53AF45BA1ACB041700BFECB2 /* Frameworks */ = {
			isa = PBXFrameworksBuildPhase;
			buildActionMask = 2147483647;
			files = (
			);
			runOnlyForDeploymentPostprocessing = 0;
		};
/* End PBXFrameworksBuildPhase section */

/* Begin PBXGroup section */
		53AF459F1ACB041700BFECB2 = {
			isa = PBXGroup;
			children = (
				53AF45AA1ACB041700BFECB2 /* BLE Intro */,
				53AF45C01ACB041700BFECB2 /* BLE IntroTests */,
				53AF45A91ACB041700BFECB2 /* Products */,
			);
			sourceTree = "<group>";
		};
		53AF45A91ACB041700BFECB2 /* Products */ = {
			isa = PBXGroup;
			children = (
				53AF45A81ACB041700BFECB2 /* BLE Intro.app */,
				53AF45BD1ACB041700BFECB2 /* BLE IntroTests.xctest */,
			);
			name = Products;
			sourceTree = "<group>";
		};
		53AF45AA1ACB041700BFECB2 /* BLE Intro */ = {
			isa = PBXGroup;
			children = (
				53AF45AF1ACB041700BFECB2 /* ViewController.swift */,
				53D359981ACE9C010040CE3C /* BLEHandlerDelegate.swift */,
				53D359961ACE944C0040CE3C /* BLEHandler.swift */,
				53AF45AD1ACB041700BFECB2 /* AppDelegate.swift */,
				53AF45B11ACB041700BFECB2 /* Main.storyboard */,
				53AF45B41ACB041700BFECB2 /* Images.xcassets */,
				53AF45B61ACB041700BFECB2 /* LaunchScreen.xib */,
				53AF45AB1ACB041700BFECB2 /* Supporting Files */,
			);
			path = "BLE Intro";
			sourceTree = "<group>";
		};
		53AF45AB1ACB041700BFECB2 /* Supporting Files */ = {
			isa = PBXGroup;
			children = (
				53AF45AC1ACB041700BFECB2 /* Info.plist */,
			);
			name = "Supporting Files";
			sourceTree = "<group>";
		};
		53AF45C01ACB041700BFECB2 /* BLE IntroTests */ = {
			isa = PBXGroup;
			children = (
				53AF45C31ACB041700BFECB2 /* BLE_IntroTests.swift */,
				53AF45C11ACB041700BFECB2 /* Supporting Files */,
			);
			path = "BLE IntroTests";
			sourceTree = "<group>";
		};
		53AF45C11ACB041700BFECB2 /* Supporting Files */ = {
			isa = PBXGroup;
			children = (
				53AF45C21ACB041700BFECB2 /* Info.plist */,
			);
			name = "Supporting Files";
			sourceTree = "<group>";
		};
/* End PBXGroup section */

/* Begin PBXNativeTarget section */
		53AF45A71ACB041700BFECB2 /* BLE Intro */ = {
			isa = PBXNativeTarget;
			buildConfigurationList = 53AF45C71ACB041700BFECB2 /* Build configuration list for PBXNativeTarget "BLE Intro" */;
			buildPhases = (
				53AF45A41ACB041700BFECB2 /* Sources */,
				53AF45A51ACB041700BFECB2 /* Frameworks */,
				53AF45A61ACB041700BFECB2 /* Resources */,
			);
			buildRules = (
			);
			dependencies = (
			);
			name = "BLE Intro";
			productName = "BLE Intro";
			productReference = 53AF45A81ACB041700BFECB2 /* BLE Intro.app */;
			productType = "com.apple.product-type.application";
		};
		53AF45BC1ACB041700BFECB2 /* BLE IntroTests */ = {
			isa = PBXNativeTarget;
			buildConfigurationList = 53AF45CA1ACB041700BFECB2 /* Build configuration list for PBXNativeTarget "BLE IntroTests" */;
			buildPhases = (
				53AF45B91ACB041700BFECB2 /* Sources */,
				53AF45BA1ACB041700BFECB2 /* Frameworks */,
				53AF45BB1ACB041700BFECB2 /* Resources */,
			);
			buildRules = (
			);
			dependencies = (
				53AF45BF1ACB041700BFECB2 /* PBXTargetDependency */,
			);
			name = "BLE IntroTests";
			productName = "BLE IntroTests";
			productReference = 53AF45BD1ACB041700BFECB2 /* BLE IntroTests.xctest */;
			productType = "com.apple.product-type.bundle.unit-test";
		};
/* End PBXNativeTarget section */

/* Begin PBXProject section */
		53AF45A01ACB041700BFECB2 /* Project object */ = {
			isa = PBXProject;
			attributes = {
				LastSwiftMigration = 0700;
				LastSwiftUpdateCheck = 0700;
				LastUpgradeCheck = 0700;
				ORGANIZATIONNAME = "Yeo Kheng Meng";
				TargetAttributes = {
					53AF45A71ACB041700BFECB2 = {
						CreatedOnToolsVersion = 6.2;
						DevelopmentTeam = 4CRDGAEC4G;
					};
					53AF45BC1ACB041700BFECB2 = {
						CreatedOnToolsVersion = 6.2;
						TestTargetID = 53AF45A71ACB041700BFECB2;
					};
				};
			};
			buildConfigurationList = 53AF45A31ACB041700BFECB2 /* Build configuration list for PBXProject "BLE Intro" */;
			compatibilityVersion = "Xcode 3.2";
			developmentRegion = English;
			hasScannedForEncodings = 0;
			knownRegions = (
				en,
				Base,
			);
			mainGroup = 53AF459F1ACB041700BFECB2;
			productRefGroup = 53AF45A91ACB041700BFECB2 /* Products */;
			projectDirPath = "";
			projectRoot = "";
			targets = (
				53AF45A71ACB041700BFECB2 /* BLE Intro */,
				53AF45BC1ACB041700BFECB2 /* BLE IntroTests */,
			);
		};
/* End PBXProject section */

/* Begin PBXResourcesBuildPhase section */
		53AF45A61ACB041700BFECB2 /* Resources */ = {
			isa = PBXResourcesBuildPhase;
			buildActionMask = 2147483647;
			files = (
				53AF45B31ACB041700BFECB2 /* Main.storyboard in Resources */,
				53AF45B81ACB041700BFECB2 /* LaunchScreen.xib in Resources */,
				53AF45B51ACB041700BFECB2 /* Images.xcassets in Resources */,
			);
			runOnlyForDeploymentPostprocessing = 0;
		};
		53AF45BB1ACB041700BFECB2 /* Resources */ = {
			isa = PBXResourcesBuildPhase;
			buildActionMask = 2147483647;
			files = (
			);
			runOnlyForDeploymentPostprocessing = 0;
		};
/* End PBXResourcesBuildPhase section */

/* Begin PBXSourcesBuildPhase section */
		53AF45A41ACB041700BFECB2 /* Sources */ = {
			isa = PBXSourcesBuildPhase;
			buildActionMask = 2147483647;
			files = (
				53AF45B01ACB041700BFECB2 /* ViewController.swift in Sources */,
				53D359971ACE944C0040CE3C /* BLEHandler.swift in Sources */,
				53AF45AE1ACB041700BFECB2 /* AppDelegate.swift in Sources */,
				53D359991ACE9C010040CE3C /* BLEHandlerDelegate.swift in Sources */,
			);
			runOnlyForDeploymentPostprocessing = 0;
		};
		53AF45B91ACB041700BFECB2 /* Sources */ = {
			isa = PBXSourcesBuildPhase;
			buildActionMask = 2147483647;
			files = (
				53AF45C41ACB041700BFECB2 /* BLE_IntroTests.swift in Sources */,
			);
			runOnlyForDeploymentPostprocessing = 0;
		};
/* End PBXSourcesBuildPhase section */

/* Begin PBXTargetDependency section */
		53AF45BF1ACB041700BFECB2 /* PBXTargetDependency */ = {
			isa = PBXTargetDependency;
			target = 53AF45A71ACB041700BFECB2 /* BLE Intro */;
			targetProxy = 53AF45BE1ACB041700BFECB2 /* PBXContainerItemProxy */;
		};
/* End PBXTargetDependency section */

/* Begin PBXVariantGroup section */
		53AF45B11ACB041700BFECB2 /* Main.storyboard */ = {
			isa = PBXVariantGroup;
			children = (
				53AF45B21ACB041700BFECB2 /* Base */,
			);
			name = Main.storyboard;
			sourceTree = "<group>";
		};
		53AF45B61ACB041700BFECB2 /* LaunchScreen.xib */ = {
			isa = PBXVariantGroup;
			children = (
				53AF45B71ACB041700BFECB2 /* Base */,
			);
			name = LaunchScreen.xib;
			sourceTree = "<group>";
		};
/* End PBXVariantGroup section */

/* Begin XCBuildConfiguration section */
		53AF45C51ACB041700BFECB2 /* Debug */ = {
			isa = XCBuildConfiguration;
			buildSettings = {
				ALWAYS_SEARCH_USER_PATHS = NO;
				CLANG_CXX_LANGUAGE_STANDARD = "gnu++0x";
				CLANG_CXX_LIBRARY = "libc++";
				CLANG_ENABLE_MODULES = YES;
				CLANG_ENABLE_OBJC_ARC = YES;
				CLANG_WARN_BOOL_CONVERSION = YES;
				CLANG_WARN_CONSTANT_CONVERSION = YES;
				CLANG_WARN_DIRECT_OBJC_ISA_USAGE = YES_ERROR;
				CLANG_WARN_EMPTY_BODY = YES;
				CLANG_WARN_ENUM_CONVERSION = YES;
				CLANG_WARN_INT_CONVERSION = YES;
				CLANG_WARN_OBJC_ROOT_CLASS = YES_ERROR;
				CLANG_WARN_UNREACHABLE_CODE = YES;
				CLANG_WARN__DUPLICATE_METHOD_MATCH = YES;
				"CODE_SIGN_IDENTITY[sdk=iphoneos*]" = "iPhone Developer";
				COPY_PHASE_STRIP = NO;
				ENABLE_STRICT_OBJC_MSGSEND = YES;
				ENABLE_TESTABILITY = YES;
				GCC_C_LANGUAGE_STANDARD = gnu99;
				GCC_DYNAMIC_NO_PIC = NO;
				GCC_OPTIMIZATION_LEVEL = 0;
				GCC_PREPROCESSOR_DEFINITIONS = (
					"DEBUG=1",
					"$(inherited)",
				);
				GCC_SYMBOLS_PRIVATE_EXTERN = NO;
				GCC_WARN_64_TO_32_BIT_CONVERSION = YES;
				GCC_WARN_ABOUT_RETURN_TYPE = YES_ERROR;
				GCC_WARN_UNDECLARED_SELECTOR = YES;
				GCC_WARN_UNINITIALIZED_AUTOS = YES_AGGRESSIVE;
				GCC_WARN_UNUSED_FUNCTION = YES;
				GCC_WARN_UNUSED_VARIABLE = YES;
				IPHONEOS_DEPLOYMENT_TARGET = 8.0;
				MTL_ENABLE_DEBUG_INFO = YES;
				ONLY_ACTIVE_ARCH = YES;
				SDKROOT = iphoneos;
				SWIFT_OPTIMIZATION_LEVEL = "-Onone";
			};
			name = Debug;
		};
		53AF45C61ACB041700BFECB2 /* Release */ = {
			isa = XCBuildConfiguration;
			buildSettings = {
				ALWAYS_SEARCH_USER_PATHS = NO;
				CLANG_CXX_LANGUAGE_STANDARD = "gnu++0x";
				CLANG_CXX_LIBRARY = "libc++";
				CLANG_ENABLE_MODULES = YES;
				CLANG_ENABLE_OBJC_ARC = YES;
				CLANG_WARN_BOOL_CONVERSION = YES;
				CLANG_WARN_CONSTANT_CONVERSION = YES;
				CLANG_WARN_DIRECT_OBJC_ISA_USAGE = YES_ERROR;
				CLANG_WARN_EMPTY_BODY = YES;
				CLANG_WARN_ENUM_CONVERSION = YES;
				CLANG_WARN_INT_CONVERSION = YES;
				CLANG_WARN_OBJC_ROOT_CLASS = YES_ERROR;
				CLANG_WARN_UNREACHABLE_CODE = YES;
				CLANG_WARN__DUPLICATE_METHOD_MATCH = YES;
				"CODE_SIGN_IDENTITY[sdk=iphoneos*]" = "iPhone Developer";
				COPY_PHASE_STRIP = NO;
				ENABLE_NS_ASSERTIONS = NO;
				ENABLE_STRICT_OBJC_MSGSEND = YES;
				GCC_C_LANGUAGE_STANDARD = gnu99;
				GCC_WARN_64_TO_32_BIT_CONVERSION = YES;
				GCC_WARN_ABOUT_RETURN_TYPE = YES_ERROR;
				GCC_WARN_UNDECLARED_SELECTOR = YES;
				GCC_WARN_UNINITIALIZED_AUTOS = YES_AGGRESSIVE;
				GCC_WARN_UNUSED_FUNCTION = YES;
				GCC_WARN_UNUSED_VARIABLE = YES;
				IPHONEOS_DEPLOYMENT_TARGET = 8.0;
				MTL_ENABLE_DEBUG_INFO = NO;
				SDKROOT = iphoneos;
				VALIDATE_PRODUCT = YES;
			};
			name = Release;
		};
		53AF45C81ACB041700BFECB2 /* Debug */ = {
			isa = XCBuildConfiguration;
			buildSettings = {
				ASSETCATALOG_COMPILER_APPICON_NAME = AppIcon;
				CODE_SIGN_IDENTITY = "iPhone Developer";
				INFOPLIST_FILE = "BLE Intro/Info.plist";
				LD_RUNPATH_SEARCH_PATHS = "$(inherited) @executable_path/Frameworks";
				PRODUCT_BUNDLE_IDENTIFIER = "com.yeokhengmeng.$(PRODUCT_NAME:rfc1034identifier)";
				PRODUCT_NAME = "$(TARGET_NAME)";
			};
			name = Debug;
		};
		53AF45C91ACB041700BFECB2 /* Release */ = {
			isa = XCBuildConfiguration;
			buildSettings = {
				ASSETCATALOG_COMPILER_APPICON_NAME = AppIcon;
				CODE_SIGN_IDENTITY = "iPhone Developer";
				INFOPLIST_FILE = "BLE Intro/Info.plist";
				LD_RUNPATH_SEARCH_PATHS = "$(inherited) @executable_path/Frameworks";
				PRODUCT_BUNDLE_IDENTIFIER = "com.yeokhengmeng.$(PRODUCT_NAME:rfc1034identifier)";
				PRODUCT_NAME = "$(TARGET_NAME)";
			};
			name = Release;
		};
		53AF45CB1ACB041700BFECB2 /* Debug */ = {
			isa = XCBuildConfiguration;
			buildSettings = {
				BUNDLE_LOADER = "$(TEST_HOST)";
				FRAMEWORK_SEARCH_PATHS = (
					"$(SDKROOT)/Developer/Library/Frameworks",
					"$(inherited)",
				);
				GCC_PREPROCESSOR_DEFINITIONS = (
					"DEBUG=1",
					"$(inherited)",
				);
				INFOPLIST_FILE = "BLE IntroTests/Info.plist";
				LD_RUNPATH_SEARCH_PATHS = "$(inherited) @executable_path/Frameworks @loader_path/Frameworks";
				PRODUCT_BUNDLE_IDENTIFIER = "com.yeokhengmeng.$(PRODUCT_NAME:rfc1034identifier)";
				PRODUCT_NAME = "$(TARGET_NAME)";
				TEST_HOST = "$(BUILT_PRODUCTS_DIR)/BLE Intro.app/BLE Intro";
			};
			name = Debug;
		};
		53AF45CC1ACB041700BFECB2 /* Release */ = {
			isa = XCBuildConfiguration;
			buildSettings = {
				BUNDLE_LOADER = "$(TEST_HOST)";
				FRAMEWORK_SEARCH_PATHS = (
					"$(SDKROOT)/Developer/Library/Frameworks",
					"$(inherited)",
				);
				INFOPLIST_FILE = "BLE IntroTests/Info.plist";
				LD_RUNPATH_SEARCH_PATHS = "$(inherited) @executable_path/Frameworks @loader_path/Frameworks";
				PRODUCT_BUNDLE_IDENTIFIER = "com.yeokhengmeng.$(PRODUCT_NAME:rfc1034identifier)";
				PRODUCT_NAME = "$(TARGET_NAME)";
				TEST_HOST = "$(BUILT_PRODUCTS_DIR)/BLE Intro.app/BLE Intro";
			};
			name = Release;
		};
/* End XCBuildConfiguration section */

/* Begin XCConfigurationList section */
		53AF45A31ACB041700BFECB2 /* Build configuration list for PBXProject "BLE Intro" */ = {
			isa = XCConfigurationList;
			buildConfigurations = (
				53AF45C51ACB041700BFECB2 /* Debug */,
				53AF45C61ACB041700BFECB2 /* Release */,
			);
			defaultConfigurationIsVisible = 0;
			defaultConfigurationName = Release;
		};
		53AF45C71ACB041700BFECB2 /* Build configuration list for PBXNativeTarget "BLE Intro" */ = {
			isa = XCConfigurationList;
			buildConfigurations = (
				53AF45C81ACB041700BFECB2 /* Debug */,
				53AF45C91ACB041700BFECB2 /* Release */,
			);
			defaultConfigurationIsVisible = 0;
			defaultConfigurationName = Release;
		};
		53AF45CA1ACB041700BFECB2 /* Build configuration list for PBXNativeTarget "BLE IntroTests" */ = {
			isa = XCConfigurationList;
			buildConfigurations = (
				53AF45CB1ACB041700BFECB2 /* Debug */,
				53AF45CC1ACB041700BFECB2 /* Release */,
			);
			defaultConfigurationIsVisible = 0;
			defaultConfigurationName = Release;
		};
/* End XCConfigurationList section */
	};
	rootObject = 53AF45A01ACB041700BFECB2 /* Project object */;
}
